
Microsoft Visual Studio Solution File, Format Version 12.00
# Visual Studio Version 17
VisualStudioVersion = 17.4.33213.308
MinimumVisualStudioVersion = 10.0.40219.1
Project("{FAE04EC0-301F-11D3-BF4B-00C04F79EFBC}") = "TCPClient", "TCPClient\TCPClient.csproj", "{6E5CC553-F75B-4A0E-98B3-448435955808}"
EndProject
Global
	GlobalSection(SolutionConfigurationPlatforms) = preSolution
		Debug|ARM64 = Debug|ARM64
		Debug|x64 = Debug|x64
		Debug|x86 = Debug|x86
		Release|ARM64 = Release|ARM64
		Release|x64 = Release|x64
		Release|x86 = Release|x86
	EndGlobalSection
	GlobalSection(ProjectConfigurationPlatforms) = postSolution
		{6E5CC553-F75B-4A0E-98B3-448435955808}.Debug|ARM64.ActiveCfg = Debug|ARM64
		{6E5CC553-F75B-4A0E-98B3-448435955808}.Debug|ARM64.Build.0 = Debug|ARM64
		{6E5CC553-F75B-4A0E-98B3-448435955808}.Debug|ARM64.Deploy.0 = Debug|ARM64
		{6E5CC553-F75B-4A0E-98B3-448435955808}.Debug|x64.ActiveCfg = Debug|x64
		{6E5CC553-F75B-4A0E-98B3-448435955808}.Debug|x64.Build.0 = Debug|x64
		{6E5CC553-F75B-4A0E-98B3-448435955808}.Debug|x64.Deploy.0 = Debug|x64
		{6E5CC553-F75B-4A0E-98B3-448435955808}.Debug|x86.ActiveCfg = Debug|x86
		{6E5CC553-F75B-4A0E-98B3-448435955808}.Debug|x86.Build.0 = Debug|x86
		{6E5CC553-F75B-4A0E-98B3-448435955808}.Debug|x86.Deploy.0 = Debug|x86
		{6E5CC553-F75B-4A0E-98B3-448435955808}.Release|ARM64.ActiveCfg = Release|ARM64
		{6E5CC553-F75B-4A0E-98B3-448435955808}.Release|ARM64.Build.0 = Release|ARM64
		{6E5CC553-F75B-4A0E-98B3-448435955808}.Release|ARM64.Deploy.0 = Release|ARM64
		{6E5CC553-F75B-4A0E-98B3-448435955808}.Release|x64.ActiveCfg = Release|x64
		{6E5CC553-F75B-4A0E-98B3-448435955808}.Release|x64.Build.0 = Release|x64
		{6E5CC553-F75B-4A0E-98B3-448435955808}.Release|x64.Deploy.0 = Release|x64
		{6E5CC553-F75B-4A0E-98B3-448435955808}.Release|x86.ActiveCfg = Release|x86
		{6E5CC553-F75B-4A0E-98B3-448435955808}.Release|x86.Build.0 = Release|x86
		{6E5CC553-F75B-4A0E-98B3-448435955808}.Release|x86.Deploy.0 = Release|x86
	EndGlobalSection
	GlobalSection(SolutionProperties) = preSolution
		HideSolutionNode = FALSE
	EndGlobalSection
	GlobalSection(ExtensibilityGlobals) = postSolution
		SolutionGuid = {3EF184BB-0B40-4FA1-8A66-457147D5C9FD}
	EndGlobalSection
EndGlobal
